Microsoft Visual Studio Solution File, Format Version 12.00
# Visual Studio Version 17
VisualStudioVersion = 17.5.2.0
MinimumVisualStudioVersion = 10.0.40219.1
Project("{FAE04EC0-301F-11D3-BF4B-00C04F79EFBC}") = "Jupiter", "Jupiter.csproj", "{EB511C6A-441B-13AF-0B45-86BEA7E032BF}"
EndProject
Global
	GlobalSection(SolutionConfigurationPlatforms) = preSolution
		Debug|Any CPU = Debug|Any CPU
		Release|Any CPU = Release|Any CPU
	EndGlobalSection
	GlobalSection(ProjectConfigurationPlatforms) = postSolution
		{EB511C6A-441B-13AF-0B45-86BEA7E032BF}.Debug|Any CPU.ActiveCfg = Debug|Any CPU
		{EB511C6A-441B-13AF-0B45-86BEA7E032BF}.Debug|Any CPU.Build.0 = Debug|Any CPU
		{EB511C6A-441B-13AF-0B45-86BEA7E032BF}.Release|Any CPU.ActiveCfg = Release|Any CPU
		{EB511C6A-441B-13AF-0B45-86BEA7E032BF}.Release|Any CPU.Build.0 = Release|Any CPU
	EndGlobalSection
	GlobalSection(SolutionProperties) = preSolution
		HideSolutionNode = FALSE
	EndGlobalSection
	GlobalSection(ExtensibilityGlobals) = postSolution
		SolutionGuid = {5BA83B32-2709-4040-973A-2603A7CEEF9C}
	EndGlobalSection
EndGlobal
